// !$*UTF8*$!
{
	archiveVersion = 1;
	classes = {
	};
	objectVersion = 56;
	objects = {

/* Begin PBXBuildFile section */
		0F0866C02D17ACC3008E48DA /* TasbeehPageView.swift in Sources */ = {isa = PBXBuildFile; fileRef = 0F0866BF2D17ACC3008E48DA /* TasbeehPageView.swift */; };
		0F30E9F32D15171D007F4708 /* MuhasabaApp.swift in Sources */ = {isa = PBXBuildFile; fileRef = 0F30E9F22D15171D007F4708 /* MuhasabaApp.swift */; };
		0F30E9F72D151720007F4708 /* Assets.xcassets in Resources */ = {isa = PBXBuildFile; fileRef = 0F30E9F62D151720007F4708 /* Assets.xcassets */; };
		0F30E9FA2D151720007F4708 /* Preview Assets.xcassets in Resources */ = {isa = PBXBuildFile; fileRef = 0F30E9F92D151720007F4708 /* Preview Assets.xcassets */; };
		0F30EA042D151720007F4708 /* MuhasabaAppTests.swift in Sources */ = {isa = PBXBuildFile; fileRef = 0F30EA032D151720007F4708 /* MuhasabaAppTests.swift */; };
		0F30EA0E2D151720007F4708 /* MuhasabaAppUITests.swift in Sources */ = {isa = PBXBuildFile; fileRef = 0F30EA0D2D151720007F4708 /* MuhasabaAppUITests.swift */; };
		0F30EA102D151720007F4708 /* MuhasabaAppUITestsLaunchTests.swift in Sources */ = {isa = PBXBuildFile; fileRef = 0F30EA0F2D151720007F4708 /* MuhasabaAppUITestsLaunchTests.swift */; };
		0F30EA222D1517BB007F4708 /* Kadwa-Bold.ttf in Resources */ = {isa = PBXBuildFile; fileRef = 0F30EA1D2D1517BB007F4708 /* Kadwa-Bold.ttf */; };
		0F30EA232D1517BB007F4708 /* Habibi-Regular.ttf in Resources */ = {isa = PBXBuildFile; fileRef = 0F30EA1E2D1517BB007F4708 /* Habibi-Regular.ttf */; };
		0F30EA242D1517BB007F4708 /* Heebo-VariableFont_wght.ttf in Resources */ = {isa = PBXBuildFile; fileRef = 0F30EA1F2D1517BB007F4708 /* Heebo-VariableFont_wght.ttf */; };
		0F30EA252D1517BB007F4708 /* Kitab-Regular.ttf in Resources */ = {isa = PBXBuildFile; fileRef = 0F30EA202D1517BB007F4708 /* Kitab-Regular.ttf */; };
		0F30EA262D1517BB007F4708 /* Kadwa-Regular.ttf in Resources */ = {isa = PBXBuildFile; fileRef = 0F30EA212D1517BB007F4708 /* Kadwa-Regular.ttf */; };
		0F30EA2A2D1518F9007F4708 /* TitlePageView.swift in Sources */ = {isa = PBXBuildFile; fileRef = 0F30EA292D1518F9007F4708 /* TitlePageView.swift */; };
		0F30EA2C2D15191E007F4708 /* MainPageView.swift in Sources */ = {isa = PBXBuildFile; fileRef = 0F30EA2B2D15191E007F4708 /* MainPageView.swift */; };
		0F30EA2E2D151939007F4708 /* ViewModel.swift in Sources */ = {isa = PBXBuildFile; fileRef = 0F30EA2D2D151939007F4708 /* ViewModel.swift */; };
		0F30EA302D151954007F4708 /* MathuratCardView.swift in Sources */ = {isa = PBXBuildFile; fileRef = 0F30EA2F2D151954007F4708 /* MathuratCardView.swift */; };
		0F30EA322D151967007F4708 /* MathuratPageView.swift in Sources */ = {isa = PBXBuildFile; fileRef = 0F30EA312D151967007F4708 /* MathuratPageView.swift */; };
		0F30EA342D151993007F4708 /* myColors.swift in Sources */ = {isa = PBXBuildFile; fileRef = 0F30EA332D151993007F4708 /* myColors.swift */; };
		0F30EA362D1519A6007F4708 /* TablePageView.swift in Sources */ = {isa = PBXBuildFile; fileRef = 0F30EA352D1519A6007F4708 /* TablePageView.swift */; };
/* End PBXBuildFile section */

/* Begin PBXContainerItemProxy section */
		0F30EA002D151720007F4708 /* PBXContainerItemProxy */ = {
			isa = PBXContainerItemProxy;
			containerPortal = 0F30E9E72D15171D007F4708 /* Project object */;
			proxyType = 1;
			remoteGlobalIDString = 0F30E9EE2D15171D007F4708;
			remoteInfo = MuhasabaApp;
		};
		0F30EA0A2D151720007F4708 /* PBXContainerItemProxy */ = {
			isa = PBXContainerItemProxy;
			containerPortal = 0F30E9E72D15171D007F4708 /* Project object */;
			proxyType = 1;
			remoteGlobalIDString = 0F30E9EE2D15171D007F4708;
			remoteInfo = MuhasabaApp;
		};
/* End PBXContainerItemProxy section */

/* Begin PBXFileReference section */
		0F0866BF2D17ACC3008E48DA /* TasbeehPageView.swift */ = {isa = PBXFileReference; lastKnownFileType = sourcecode.swift; path = TasbeehPageView.swift; sourceTree = "<group>"; };
		0F30E9EF2D15171D007F4708 /* MuhasabaApp.app */ = {isa = PBXFileReference; explicitFileType = wrapper.application; includeInIndex = 0; path = MuhasabaApp.app; sourceTree = BUILT_PRODUCTS_DIR; };
		0F30E9F22D15171D007F4708 /* MuhasabaApp.swift */ = {isa = PBXFileReference; lastKnownFileType = sourcecode.swift; path = MuhasabaApp.swift; sourceTree = "<group>"; };
		0F30E9F62D151720007F4708 /* Assets.xcassets */ = {isa = PBXFileReference; lastKnownFileType = folder.assetcatalog; path = Assets.xcassets; sourceTree = "<group>"; };
		0F30E9F92D151720007F4708 /* Preview Assets.xcassets */ = {isa = PBXFileReference; lastKnownFileType = folder.assetcatalog; path = "Preview Assets.xcassets"; sourceTree = "<group>"; };
		0F30E9FF2D151720007F4708 /* MuhasabaAppTests.xctest */ = {isa = PBXFileReference; explicitFileType = wrapper.cfbundle; includeInIndex = 0; path = MuhasabaAppTests.xctest; sourceTree = BUILT_PRODUCTS_DIR; };
		0F30EA032D151720007F4708 /* MuhasabaAppTests.swift */ = {isa = PBXFileReference; lastKnownFileType = sourcecode.swift; path = MuhasabaAppTests.swift; sourceTree = "<group>"; };
		0F30EA092D151720007F4708 /* MuhasabaAppUITests.xctest */ = {isa = PBXFileReference; explicitFileType = wrapper.cfbundle; includeInIndex = 0; path = MuhasabaAppUITests.xctest; sourceTree = BUILT_PRODUCTS_DIR; };
		0F30EA0D2D151720007F4708 /* MuhasabaAppUITests.swift */ = {isa = PBXFileReference; lastKnownFileType = sourcecode.swift; path = MuhasabaAppUITests.swift; sourceTree = "<group>"; };
		0F30EA0F2D151720007F4708 /* MuhasabaAppUITestsLaunchTests.swift */ = {isa = PBXFileReference; lastKnownFileType = sourcecode.swift; path = MuhasabaAppUITestsLaunchTests.swift; sourceTree = "<group>"; };
		0F30EA1D2D1517BB007F4708 /* Kadwa-Bold.ttf */ = {isa = PBXFileReference; lastKnownFileType = file; path = "Kadwa-Bold.ttf"; sourceTree = "<group>"; };
		0F30EA1E2D1517BB007F4708 /* Habibi-Regular.ttf */ = {isa = PBXFileReference; lastKnownFileType = file; path = "Habibi-Regular.ttf"; sourceTree = "<group>"; };
		0F30EA1F2D1517BB007F4708 /* Heebo-VariableFont_wght.ttf */ = {isa = PBXFileReference; lastKnownFileType = file; path = "Heebo-VariableFont_wght.ttf"; sourceTree = "<group>"; };
		0F30EA202D1517BB007F4708 /* Kitab-Regular.ttf */ = {isa = PBXFileReference; lastKnownFileType = file; path = "Kitab-Regular.ttf"; sourceTree = "<group>"; };
		0F30EA212D1517BB007F4708 /* Kadwa-Regular.ttf */ = {isa = PBXFileReference; lastKnownFileType = file; path = "Kadwa-Regular.ttf"; sourceTree = "<group>"; };
		0F30EA272D15184C007F4708 /* Info.plist */ = {isa = PBXFileReference; lastKnownFileType = text.plist; path = Info.plist; sourceTree = "<group>"; };
		0F30EA292D1518F9007F4708 /* TitlePageView.swift */ = {isa = PBXFileReference; lastKnownFileType = sourcecode.swift; path = TitlePageView.swift; sourceTree = "<group>"; };
		0F30EA2B2D15191E007F4708 /* MainPageView.swift */ = {isa = PBXFileReference; lastKnownFileType = sourcecode.swift; path = MainPageView.swift; sourceTree = "<group>"; };
		0F30EA2D2D151939007F4708 /* ViewModel.swift */ = {isa = PBXFileReference; lastKnownFileType = sourcecode.swift; path = ViewModel.swift; sourceTree = "<group>"; };
		0F30EA2F2D151954007F4708 /* MathuratCardView.swift */ = {isa = PBXFileReference; lastKnownFileType = sourcecode.swift; path = MathuratCardView.swift; sourceTree = "<group>"; };
		0F30EA312D151967007F4708 /* MathuratPageView.swift */ = {isa = PBXFileReference; lastKnownFileType = sourcecode.swift; path = MathuratPageView.swift; sourceTree = "<group>"; };
		0F30EA332D151993007F4708 /* myColors.swift */ = {isa = PBXFileReference; lastKnownFileType = sourcecode.swift; path = myColors.swift; sourceTree = "<group>"; };
		0F30EA352D1519A6007F4708 /* TablePageView.swift */ = {isa = PBXFileReference; lastKnownFileType = sourcecode.swift; path = TablePageView.swift; sourceTree = "<group>"; };
/* End PBXFileReference section */

/* Begin PBXFrameworksBuildPhase section */
		0F30E9EC2D15171D007F4708 /* Frameworks */ = {
			isa = PBXFrameworksBuildPhase;
			buildActionMask = 2147483647;
			files = (
			);
			runOnlyForDeploymentPostprocessing = 0;
		};
		0F30E9FC2D151720007F4708 /* Frameworks */ = {
			isa = PBXFrameworksBuildPhase;
			buildActionMask = 2147483647;
			files = (
			);
			runOnlyForDeploymentPostprocessing = 0;
		};
		0F30EA062D151720007F4708 /* Frameworks */ = {
			isa = PBXFrameworksBuildPhase;
			buildActionMask = 2147483647;
			files = (
			);
			runOnlyForDeploymentPostprocessing = 0;
		};
/* End PBXFrameworksBuildPhase section */

/* Begin PBXGroup section */
		0F30E9E62D15171D007F4708 = {
			isa = PBXGroup;
			children = (
				0F30E9F12D15171D007F4708 /* MuhasabaApp */,
				0F30EA022D151720007F4708 /* MuhasabaAppTests */,
				0F30EA0C2D151720007F4708 /* MuhasabaAppUITests */,
				0F30E9F02D15171D007F4708 /* Products */,
			);
			sourceTree = "<group>";
		};
		0F30E9F02D15171D007F4708 /* Products */ = {
			isa = PBXGroup;
			children = (
				0F30E9EF2D15171D007F4708 /* MuhasabaApp.app */,
				0F30E9FF2D151720007F4708 /* MuhasabaAppTests.xctest */,
				0F30EA092D151720007F4708 /* MuhasabaAppUITests.xctest */,
			);
			name = Products;
			sourceTree = "<group>";
		};
		0F30E9F12D15171D007F4708 /* MuhasabaApp */ = {
			isa = PBXGroup;
			children = (
				0F30EA272D15184C007F4708 /* Info.plist */,
				0F30EA1C2D151789007F4708 /* Fonts */,
				0F30EA282D1518DB007F4708 /* Views */,
				0F30E9F22D15171D007F4708 /* MuhasabaApp.swift */,
				0F30EA2D2D151939007F4708 /* ViewModel.swift */,
				0F30E9F62D151720007F4708 /* Assets.xcassets */,
				0F30E9F82D151720007F4708 /* Preview Content */,
			);
			path = MuhasabaApp;
			sourceTree = "<group>";
		};
		0F30E9F82D151720007F4708 /* Preview Content */ = {
			isa = PBXGroup;
			children = (
				0F30E9F92D151720007F4708 /* Preview Assets.xcassets */,
			);
			path = "Preview Content";
			sourceTree = "<group>";
		};
		0F30EA022D151720007F4708 /* MuhasabaAppTests */ = {
			isa = PBXGroup;
			children = (
				0F30EA032D151720007F4708 /* MuhasabaAppTests.swift */,
			);
			path = MuhasabaAppTests;
			sourceTree = "<group>";
		};
		0F30EA0C2D151720007F4708 /* MuhasabaAppUITests */ = {
			isa = PBXGroup;
			children = (
				0F30EA0D2D151720007F4708 /* MuhasabaAppUITests.swift */,
				0F30EA0F2D151720007F4708 /* MuhasabaAppUITestsLaunchTests.swift */,
			);
			path = MuhasabaAppUITests;
			sourceTree = "<group>";
		};
		0F30EA1C2D151789007F4708 /* Fonts */ = {
			isa = PBXGroup;
			children = (
				0F30EA1E2D1517BB007F4708 /* Habibi-Regular.ttf */,
				0F30EA1F2D1517BB007F4708 /* Heebo-VariableFont_wght.ttf */,
				0F30EA1D2D1517BB007F4708 /* Kadwa-Bold.ttf */,
				0F30EA212D1517BB007F4708 /* Kadwa-Regular.ttf */,
				0F30EA202D1517BB007F4708 /* Kitab-Regular.ttf */,
			);
			path = Fonts;
			sourceTree = "<group>";
		};
		0F30EA282D1518DB007F4708 /* Views */ = {
			isa = PBXGroup;
			children = (
				0F30EA292D1518F9007F4708 /* TitlePageView.swift */,
				0F30EA2B2D15191E007F4708 /* MainPageView.swift */,
				0F30EA2F2D151954007F4708 /* MathuratCardView.swift */,
				0F30EA312D151967007F4708 /* MathuratPageView.swift */,
				0F30EA332D151993007F4708 /* myColors.swift */,
				0F30EA352D1519A6007F4708 /* TablePageView.swift */,
				0F0866BF2D17ACC3008E48DA /* TasbeehPageView.swift */,
			);
			path = Views;
			sourceTree = "<group>";
		};
/* End PBXGroup section */

/* Begin PBXNativeTarget section */
		0F30E9EE2D15171D007F4708 /* MuhasabaApp */ = {
			isa = PBXNativeTarget;
			buildConfigurationList = 0F30EA132D151720007F4708 /* Build configuration list for PBXNativeTarget "MuhasabaApp" */;
			buildPhases = (
				0F30E9EB2D15171D007F4708 /* Sources */,
				0F30E9EC2D15171D007F4708 /* Frameworks */,
				0F30E9ED2D15171D007F4708 /* Resources */,
			);
			buildRules = (
			);
			dependencies = (
			);
			name = MuhasabaApp;
			productName = MuhasabaApp;
			productReference = 0F30E9EF2D15171D007F4708 /* MuhasabaApp.app */;
			productType = "com.apple.product-type.application";
		};
		0F30E9FE2D151720007F4708 /* MuhasabaAppTests */ = {
			isa = PBXNativeTarget;
			buildConfigurationList = 0F30EA162D151720007F4708 /* Build configuration list for PBXNativeTarget "MuhasabaAppTests" */;
			buildPhases = (
				0F30E9FB2D151720007F4708 /* Sources */,
				0F30E9FC2D151720007F4708 /* Frameworks */,
				0F30E9FD2D151720007F4708 /* Resources */,
			);
			buildRules = (
			);
			dependencies = (
				0F30EA012D151720007F4708 /* PBXTargetDependency */,
			);
			name = MuhasabaAppTests;
			productName = MuhasabaAppTests;
			productReference = 0F30E9FF2D151720007F4708 /* MuhasabaAppTests.xctest */;
			productType = "com.apple.product-type.bundle.unit-test";
		};
		0F30EA082D151720007F4708 /* MuhasabaAppUITests */ = {
			isa = PBXNativeTarget;
			buildConfigurationList = 0F30EA192D151720007F4708 /* Build configuration list for PBXNativeTarget "MuhasabaAppUITests" */;
			buildPhases = (
				0F30EA052D151720007F4708 /* Sources */,
				0F30EA062D151720007F4708 /* Frameworks */,
				0F30EA072D151720007F4708 /* Resources */,
			);
			buildRules = (
			);
			dependencies = (
				0F30EA0B2D151720007F4708 /* PBXTargetDependency */,
			);
			name = MuhasabaAppUITests;
			productName = MuhasabaAppUITests;
			productReference = 0F30EA092D151720007F4708 /* MuhasabaAppUITests.xctest */;
			productType = "com.apple.product-type.bundle.ui-testing";
		};
/* End PBXNativeTarget section */

/* Begin PBXProject section */
		0F30E9E72D15171D007F4708 /* Project object */ = {
			isa = PBXProject;
			attributes = {
				BuildIndependentTargetsInParallel = 1;
				LastSwiftUpdateCheck = 1520;
				LastUpgradeCheck = 1620;
				TargetAttributes = {
					0F30E9EE2D15171D007F4708 = {
						CreatedOnToolsVersion = 15.2;
					};
					0F30E9FE2D151720007F4708 = {
						CreatedOnToolsVersion = 15.2;
						TestTargetID = 0F30E9EE2D15171D007F4708;
					};
					0F30EA082D151720007F4708 = {
						CreatedOnToolsVersion = 15.2;
						TestTargetID = 0F30E9EE2D15171D007F4708;
					};
				};
			};
			buildConfigurationList = 0F30E9EA2D15171D007F4708 /* Build configuration list for PBXProject "MuhasabaApp" */;
			compatibilityVersion = "Xcode 14.0";
			developmentRegion = en;
			hasScannedForEncodings = 0;
			knownRegions = (
				en,
				Base,
			);
			mainGroup = 0F30E9E62D15171D007F4708;
			productRefGroup = 0F30E9F02D15171D007F4708 /* Products */;
			projectDirPath = "";
			projectRoot = "";
			targets = (
				0F30E9EE2D15171D007F4708 /* MuhasabaApp */,
				0F30E9FE2D151720007F4708 /* MuhasabaAppTests */,
				0F30EA082D151720007F4708 /* MuhasabaAppUITests */,
			);
		};
/* End PBXProject section */

/* Begin PBXResourcesBuildPhase section */
		0F30E9ED2D15171D007F4708 /* Resources */ = {
			isa = PBXResourcesBuildPhase;
			buildActionMask = 2147483647;
			files = (
				0F30EA262D1517BB007F4708 /* Kadwa-Regular.ttf in Resources */,
				0F30EA232D1517BB007F4708 /* Habibi-Regular.ttf in Resources */,
				0F30EA252D1517BB007F4708 /* Kitab-Regular.ttf in Resources */,
				0F30EA242D1517BB007F4708 /* Heebo-VariableFont_wght.ttf in Resources */,
				0F30EA222D1517BB007F4708 /* Kadwa-Bold.ttf in Resources */,
				0F30E9FA2D151720007F4708 /* Preview Assets.xcassets in Resources */,
				0F30E9F72D151720007F4708 /* Assets.xcassets in Resources */,
			);
			runOnlyForDeploymentPostprocessing = 0;
		};
		0F30E9FD2D151720007F4708 /* Resources */ = {
			isa = PBXResourcesBuildPhase;
			buildActionMask = 2147483647;
			files = (
			);
			runOnlyForDeploymentPostprocessing = 0;
		};
		0F30EA072D151720007F4708 /* Resources */ = {
			isa = PBXResourcesBuildPhase;
			buildActionMask = 2147483647;
			files = (
			);
			runOnlyForDeploymentPostprocessing = 0;
		};
/* End PBXResourcesBuildPhase section */

/* Begin PBXSourcesBuildPhase section */
		0F30E9EB2D15171D007F4708 /* Sources */ = {
			isa = PBXSourcesBuildPhase;
			buildActionMask = 2147483647;
			files = (
				0F30EA2E2D151939007F4708 /* ViewModel.swift in Sources */,
				0F30EA342D151993007F4708 /* myColors.swift in Sources */,
				0F30EA322D151967007F4708 /* MathuratPageView.swift in Sources */,
				0F30EA302D151954007F4708 /* MathuratCardView.swift in Sources */,
				0F30EA362D1519A6007F4708 /* TablePageView.swift in Sources */,
				0F30EA2A2D1518F9007F4708 /* TitlePageView.swift in Sources */,
				0F30EA2C2D15191E007F4708 /* MainPageView.swift in Sources */,
				0F30E9F32D15171D007F4708 /* MuhasabaApp.swift in Sources */,
				0F0866C02D17ACC3008E48DA /* TasbeehPageView.swift in Sources */,
			);
			runOnlyForDeploymentPostprocessing = 0;
		};
		0F30E9FB2D151720007F4708 /* Sources */ = {
			isa = PBXSourcesBuildPhase;
			buildActionMask = 2147483647;
			files = (
				0F30EA042D151720007F4708 /* MuhasabaAppTests.swift in Sources */,
			);
			runOnlyForDeploymentPostprocessing = 0;
		};
		0F30EA052D151720007F4708 /* Sources */ = {
			isa = PBXSourcesBuildPhase;
			buildActionMask = 2147483647;
			files = (
				0F30EA102D151720007F4708 /* MuhasabaAppUITestsLaunchTests.swift in Sources */,
				0F30EA0E2D151720007F4708 /* MuhasabaAppUITests.swift in Sources */,
			);
			runOnlyForDeploymentPostprocessing = 0;
		};
/* End PBXSourcesBuildPhase section */

/* Begin PBXTargetDependency section */
		0F30EA012D151720007F4708 /* PBXTargetDependency */ = {
			isa = PBXTargetDependency;
			target = 0F30E9EE2D15171D007F4708 /* MuhasabaApp */;
			targetProxy = 0F30EA002D151720007F4708 /* PBXContainerItemProxy */;
		};
		0F30EA0B2D151720007F4708 /* PBXTargetDependency */ = {
			isa = PBXTargetDependency;
			target = 0F30E9EE2D15171D007F4708 /* MuhasabaApp */;
			targetProxy = 0F30EA0A2D151720007F4708 /* PBXContainerItemProxy */;
		};
/* End PBXTargetDependency section */

/* Begin XCBuildConfiguration section */
		0F30EA112D151720007F4708 /* Debug */ = {
			isa = XCBuildConfiguration;
			buildSettings = {
				ALWAYS_SEARCH_USER_PATHS = NO;
				ASSETCATALOG_COMPILER_GENERATE_SWIFT_ASSET_SYMBOL_EXTENSIONS = YES;
				CLANG_ANALYZER_NONNULL = YES;
				CLANG_ANALYZER_NUMBER_OBJECT_CONVERSION = YES_AGGRESSIVE;
				CLANG_CXX_LANGUAGE_STANDARD = "gnu++20";
				CLANG_ENABLE_MODULES = YES;
				CLANG_ENABLE_OBJC_ARC = YES;
				CLANG_ENABLE_OBJC_WEAK = YES;
				CLANG_WARN_BLOCK_CAPTURE_AUTORELEASING = YES;
				CLANG_WARN_BOOL_CONVERSION = YES;
				CLANG_WARN_COMMA = YES;
				CLANG_WARN_CONSTANT_CONVERSION = YES;
				CLANG_WARN_DEPRECATED_OBJC_IMPLEMENTATIONS = YES;
				CLANG_WARN_DIRECT_OBJC_ISA_USAGE = YES_ERROR;
				CLANG_WARN_DOCUMENTATION_COMMENTS = YES;
				CLANG_WARN_EMPTY_BODY = YES;
				CLANG_WARN_ENUM_CONVERSION = YES;
				CLANG_WARN_INFINITE_RECURSION = YES;
				CLANG_WARN_INT_CONVERSION = YES;
				CLANG_WARN_NON_LITERAL_NULL_CONVERSION = YES;
				CLANG_WARN_OBJC_IMPLICIT_RETAIN_SELF = YES;
				CLANG_WARN_OBJC_LITERAL_CONVERSION = YES;
				CLANG_WARN_OBJC_ROOT_CLASS = YES_ERROR;
				CLANG_WARN_QUOTED_INCLUDE_IN_FRAMEWORK_HEADER = YES;
				CLANG_WARN_RANGE_LOOP_ANALYSIS = YES;
				CLANG_WARN_STRICT_PROTOTYPES = YES;
				CLANG_WARN_SUSPICIOUS_MOVE = YES;
				CLANG_WARN_UNGUARDED_AVAILABILITY = YES_AGGRESSIVE;
				CLANG_WARN_UNREACHABLE_CODE = YES;
				CLANG_WARN__DUPLICATE_METHOD_MATCH = YES;
				COPY_PHASE_STRIP = NO;
				DEBUG_INFORMATION_FORMAT = dwarf;
				ENABLE_STRICT_OBJC_MSGSEND = YES;
				ENABLE_TESTABILITY = YES;
				ENABLE_USER_SCRIPT_SANDBOXING = YES;
				GCC_C_LANGUAGE_STANDARD = gnu17;
				GCC_DYNAMIC_NO_PIC = NO;
				GCC_NO_COMMON_BLOCKS = YES;
				GCC_OPTIMIZATION_LEVEL = 0;
				GCC_PREPROCESSOR_DEFINITIONS = (
					"DEBUG=1",
					"$(inherited)",
				);
				GCC_WARN_64_TO_32_BIT_CONVERSION = YES;
				GCC_WARN_ABOUT_RETURN_TYPE = YES_ERROR;
				GCC_WARN_UNDECLARED_SELECTOR = YES;
				GCC_WARN_UNINITIALIZED_AUTOS = YES_AGGRESSIVE;
				GCC_WARN_UNUSED_FUNCTION = YES;
				GCC_WARN_UNUSED_VARIABLE = YES;
				IPHONEOS_DEPLOYMENT_TARGET = 17.2;
				LOCALIZATION_PREFERS_STRING_CATALOGS = YES;
				MTL_ENABLE_DEBUG_INFO = INCLUDE_SOURCE;
				MTL_FAST_MATH = YES;
				ONLY_ACTIVE_ARCH = YES;
				SDKROOT = iphoneos;
				SWIFT_ACTIVE_COMPILATION_CONDITIONS = "DEBUG $(inherited)";
				SWIFT_OPTIMIZATION_LEVEL = "-Onone";
			};
			name = Debug;
		};
		0F30EA122D151720007F4708 /* Release */ = {
			isa = XCBuildConfiguration;
			buildSettings = {
				ALWAYS_SEARCH_USER_PATHS = NO;
				ASSETCATALOG_COMPILER_GENERATE_SWIFT_ASSET_SYMBOL_EXTENSIONS = YES;
				CLANG_ANALYZER_NONNULL = YES;
				CLANG_ANALYZER_NUMBER_OBJECT_CONVERSION = YES_AGGRESSIVE;
				CLANG_CXX_LANGUAGE_STANDARD = "gnu++20";
				CLANG_ENABLE_MODULES = YES;
				CLANG_ENABLE_OBJC_ARC = YES;
				CLANG_ENABLE_OBJC_WEAK = YES;
				CLANG_WARN_BLOCK_CAPTURE_AUTORELEASING = YES;
				CLANG_WARN_BOOL_CONVERSION = YES;
				CLANG_WARN_COMMA = YES;
				CLANG_WARN_CONSTANT_CONVERSION = YES;
				CLANG_WARN_DEPRECATED_OBJC_IMPLEMENTATIONS = YES;
				CLANG_WARN_DIRECT_OBJC_ISA_USAGE = YES_ERROR;
				CLANG_WARN_DOCUMENTATION_COMMENTS = YES;
				CLANG_WARN_EMPTY_BODY = YES;
				CLANG_WARN_ENUM_CONVERSION = YES;
				CLANG_WARN_INFINITE_RECURSION = YES;
				CLANG_WARN_INT_CONVERSION = YES;
				CLANG_WARN_NON_LITERAL_NULL_CONVERSION = YES;
				CLANG_WARN_OBJC_IMPLICIT_RETAIN_SELF = YES;
				CLANG_WARN_OBJC_LITERAL_CONVERSION = YES;
				CLANG_WARN_OBJC_ROOT_CLASS = YES_ERROR;
				CLANG_WARN_QUOTED_INCLUDE_IN_FRAMEWORK_HEADER = YES;
				CLANG_WARN_RANGE_LOOP_ANALYSIS = YES;
				CLANG_WARN_STRICT_PROTOTYPES = YES;
				CLANG_WARN_SUSPICIOUS_MOVE = YES;
				CLANG_WARN_UNGUARDED_AVAILABILITY = YES_AGGRESSIVE;
				CLANG_WARN_UNREACHABLE_CODE = YES;
				CLANG_WARN__DUPLICATE_METHOD_MATCH = YES;
				COPY_PHASE_STRIP = NO;
				DEBUG_INFORMATION_FORMAT = "dwarf-with-dsym";
				ENABLE_NS_ASSERTIONS = NO;
				ENABLE_STRICT_OBJC_MSGSEND = YES;
				ENABLE_USER_SCRIPT_SANDBOXING = YES;
				GCC_C_LANGUAGE_STANDARD = gnu17;
				GCC_NO_COMMON_BLOCKS = YES;
				GCC_WARN_64_TO_32_BIT_CONVERSION = YES;
				GCC_WARN_ABOUT_RETURN_TYPE = YES_ERROR;
				GCC_WARN_UNDECLARED_SELECTOR = YES;
				GCC_WARN_UNINITIALIZED_AUTOS = YES_AGGRESSIVE;
				GCC_WARN_UNUSED_FUNCTION = YES;
				GCC_WARN_UNUSED_VARIABLE = YES;
				IPHONEOS_DEPLOYMENT_TARGET = 17.2;
				LOCALIZATION_PREFERS_STRING_CATALOGS = YES;
				MTL_ENABLE_DEBUG_INFO = NO;
				MTL_FAST_MATH = YES;
				SDKROOT = iphoneos;
				SWIFT_COMPILATION_MODE = wholemodule;
				VALIDATE_PRODUCT = YES;
			};
			name = Release;
		};
		0F30EA142D151720007F4708 /* Debug */ = {
			isa = XCBuildConfiguration;
			buildSettings = {
				ASSETCATALOG_COMPILER_APPICON_NAME = AppIcon;
				ASSETCATALOG_COMPILER_GLOBAL_ACCENT_COLOR_NAME = AccentColor;
				CODE_SIGN_STYLE = Automatic;
				CURRENT_PROJECT_VERSION = 1;
				DEVELOPMENT_ASSET_PATHS = "\"MuhasabaApp/Preview Content\"";
				DEVELOPMENT_TEAM = L685523BL9;
				ENABLE_PREVIEWS = YES;
				GENERATE_INFOPLIST_FILE = YES;
				INFOPLIST_FILE = MuhasabaApp/Info.plist;
				INFOPLIST_KEY_UIApplicationSceneManifest_Generation = YES;
				INFOPLIST_KEY_UIApplicationSupportsIndirectInputEvents = YES;
				INFOPLIST_KEY_UILaunchScreen_Generation = YES;
				INFOPLIST_KEY_UISupportedInterfaceOrientations_iPad = "UIInterfaceOrientationPortrait UIInterfaceOrientationPortraitUpsideDown UIInterfaceOrientationLandscapeLeft UIInterfaceOrientationLandscapeRight";
				INFOPLIST_KEY_UISupportedInterfaceOrientations_iPhone = "UIInterfaceOrientationPortrait UIInterfaceOrientationLandscapeLeft UIInterfaceOrientationLandscapeRight";
				LD_RUNPATH_SEARCH_PATHS = (
					"$(inherited)",
					"@executable_path/Frameworks",
				);
				MARKETING_VERSION = 1.0;
				PRODUCT_BUNDLE_IDENTIFIER = tayesin.MuhasabaApp;
				PRODUCT_NAME = "$(TARGET_NAME)";
				SWIFT_EMIT_LOC_STRINGS = YES;
				SWIFT_VERSION = 5.0;
				TARGETED_DEVICE_FAMILY = "1,2";
			};
			name = Debug;
		};
		0F30EA152D151720007F4708 /* Release */ = {
			isa = XCBuildConfiguration;
			buildSettings = {
				ASSETCATALOG_COMPILER_APPICON_NAME = AppIcon;
				ASSETCATALOG_COMPILER_GLOBAL_ACCENT_COLOR_NAME = AccentColor;
				CODE_SIGN_STYLE = Automatic;
				CURRENT_PROJECT_VERSION = 1;
				DEVELOPMENT_ASSET_PATHS = "\"MuhasabaApp/Preview Content\"";
				DEVELOPMENT_TEAM = L685523BL9;
				ENABLE_PREVIEWS = YES;
				GENERATE_INFOPLIST_FILE = YES;
				INFOPLIST_FILE = MuhasabaApp/Info.plist;
				INFOPLIST_KEY_UIApplicationSceneManifest_Generation = YES;
				INFOPLIST_KEY_UIApplicationSupportsIndirectInputEvents = YES;
				INFOPLIST_KEY_UILaunchScreen_Generation = YES;
				INFOPLIST_KEY_UISupportedInterfaceOrientations_iPad = "UIInterfaceOrientationPortrait UIInterfaceOrientationPortraitUpsideDown UIInterfaceOrientationLandscapeLeft UIInterfaceOrientationLandscapeRight";
				INFOPLIST_KEY_UISupportedInterfaceOrientations_iPhone = "UIInterfaceOrientationPortrait UIInterfaceOrientationLandscapeLeft UIInterfaceOrientationLandscapeRight";
				LD_RUNPATH_SEARCH_PATHS = (
					"$(inherited)",
					"@executable_path/Frameworks",
				);
				MARKETING_VERSION = 1.0;
				PRODUCT_BUNDLE_IDENTIFIER = tayesin.MuhasabaApp;
				PRODUCT_NAME = "$(TARGET_NAME)";
				SWIFT_EMIT_LOC_STRINGS = YES;
				SWIFT_VERSION = 5.0;
				TARGETED_DEVICE_FAMILY = "1,2";
			};
			name = Release;
		};
		0F30EA172D151720007F4708 /* Debug */ = {
			isa = XCBuildConfiguration;
			buildSettings = {
				BUNDLE_LOADER = "$(TEST_HOST)";
				CODE_SIGN_STYLE = Automatic;
				CURRENT_PROJECT_VERSION = 1;
				DEVELOPMENT_TEAM = L685523BL9;
				GENERATE_INFOPLIST_FILE = YES;
				IPHONEOS_DEPLOYMENT_TARGET = 17.2;
				MARKETING_VERSION = 1.0;
				PRODUCT_BUNDLE_IDENTIFIER = tayesin.MuhasabaAppTests;
				PRODUCT_NAME = "$(TARGET_NAME)";
				SWIFT_EMIT_LOC_STRINGS = NO;
				SWIFT_VERSION = 5.0;
				TARGETED_DEVICE_FAMILY = "1,2";
				TEST_HOST = "$(BUILT_PRODUCTS_DIR)/MuhasabaApp.app/$(BUNDLE_EXECUTABLE_FOLDER_PATH)/MuhasabaApp";
			};
			name = Debug;
		};
		0F30EA182D151720007F4708 /* Release */ = {
			isa = XCBuildConfiguration;
			buildSettings = {
				BUNDLE_LOADER = "$(TEST_HOST)";
				CODE_SIGN_STYLE = Automatic;
				CURRENT_PROJECT_VERSION = 1;
				DEVELOPMENT_TEAM = L685523BL9;
				GENERATE_INFOPLIST_FILE = YES;
				IPHONEOS_DEPLOYMENT_TARGET = 17.2;
				MARKETING_VERSION = 1.0;
				PRODUCT_BUNDLE_IDENTIFIER = tayesin.MuhasabaAppTests;
				PRODUCT_NAME = "$(TARGET_NAME)";
				SWIFT_EMIT_LOC_STRINGS = NO;
				SWIFT_VERSION = 5.0;
				TARGETED_DEVICE_FAMILY = "1,2";
				TEST_HOST = "$(BUILT_PRODUCTS_DIR)/MuhasabaApp.app/$(BUNDLE_EXECUTABLE_FOLDER_PATH)/MuhasabaApp";
			};
			name = Release;
		};
		0F30EA1A2D151720007F4708 /* Debug */ = {
			isa = XCBuildConfiguration;
			buildSettings = {
				CODE_SIGN_STYLE = Automatic;
				CURRENT_PROJECT_VERSION = 1;
				DEVELOPMENT_TEAM = L685523BL9;
				GENERATE_INFOPLIST_FILE = YES;
				MARKETING_VERSION = 1.0;
				PRODUCT_BUNDLE_IDENTIFIER = tayesin.MuhasabaAppUITests;
				PRODUCT_NAME = "$(TARGET_NAME)";
				SWIFT_EMIT_LOC_STRINGS = NO;
				SWIFT_VERSION = 5.0;
				TARGETED_DEVICE_FAMILY = "1,2";
				TEST_TARGET_NAME = MuhasabaApp;
			};
			name = Debug;
		};
		0F30EA1B2D151720007F4708 /* Release */ = {
			isa = XCBuildConfiguration;
			buildSettings = {
				CODE_SIGN_STYLE = Automatic;
				CURRENT_PROJECT_VERSION = 1;
				DEVELOPMENT_TEAM = L685523BL9;
				GENERATE_INFOPLIST_FILE = YES;
				MARKETING_VERSION = 1.0;
				PRODUCT_BUNDLE_IDENTIFIER = tayesin.MuhasabaAppUITests;
				PRODUCT_NAME = "$(TARGET_NAME)";
				SWIFT_EMIT_LOC_STRINGS = NO;
				SWIFT_VERSION = 5.0;
				TARGETED_DEVICE_FAMILY = "1,2";
				TEST_TARGET_NAME = MuhasabaApp;
			};
			name = Release;
		};
/* End XCBuildConfiguration section */

/* Begin XCConfigurationList section */
		0F30E9EA2D15171D007F4708 /* Build configuration list for PBXProject "MuhasabaApp" */ = {
			isa = XCConfigurationList;
			buildConfigurations = (
				0F30EA112D151720007F4708 /* Debug */,
				0F30EA122D151720007F4708 /* Release */,
			);
			defaultConfigurationIsVisible = 0;
			defaultConfigurationName = Release;
		};
		0F30EA132D151720007F4708 /* Build configuration list for PBXNativeTarget "MuhasabaApp" */ = {
			isa = XCConfigurationList;
			buildConfigurations = (
				0F30EA142D151720007F4708 /* Debug */,
				0F30EA152D151720007F4708 /* Release */,
			);
			defaultConfigurationIsVisible = 0;
			defaultConfigurationName = Release;
		};
		0F30EA162D151720007F4708 /* Build configuration list for PBXNativeTarget "MuhasabaAppTests" */ = {
			isa = XCConfigurationList;
			buildConfigurations = (
				0F30EA172D151720007F4708 /* Debug */,
				0F30EA182D151720007F4708 /* Release */,
			);
			defaultConfigurationIsVisible = 0;
			defaultConfigurationName = Release;
		};
		0F30EA192D151720007F4708 /* Build configuration list for PBXNativeTarget "MuhasabaAppUITests" */ = {
			isa = XCConfigurationList;
			buildConfigurations = (
				0F30EA1A2D151720007F4708 /* Debug */,
				0F30EA1B2D151720007F4708 /* Release */,
			);
			defaultConfigurationIsVisible = 0;
			defaultConfigurationName = Release;
		};
/* End XCConfigurationList section */
	};
	rootObject = 0F30E9E72D15171D007F4708 /* Project object */;
}
